{
  "name": "turbo-test",
  "lockfileVersion": 2,
  "requires": true,
  "packages": {
    "": {
      "name": "turbo-test",
      "workspaces": [
        "test",
        "tests",
        "works"
      ],
      "devDependencies": {
        "turbo": "^1.2.5"
      }
    },
    "node_modules/test": {
      "resolved": "test",
      "link": true
    },
    "node_modules/tests": {
      "resolved": "tests",
      "link": true
    },
    "node_modules/turbo": {
      "version": "1.2.5",
      "dev": true,
      "hasInstallScript": true,
      "license": "MPL-2.0",
      "bin": {
        "turbo": "bin/turbo"
      },
      "optionalDependencies": {
        "turbo-darwin-64": "1.2.5",
        "turbo-darwin-arm64": "1.2.5",
        "turbo-freebsd-64": "1.2.5",
        "turbo-freebsd-arm64": "1.2.5",
        "turbo-linux-32": "1.2.5",
        "turbo-linux-64": "1.2.5",
        "turbo-linux-arm": "1.2.5",
        "turbo-linux-arm64": "1.2.5",
        "turbo-linux-mips64le": "1.2.5",
        "turbo-linux-ppc64le": "1.2.5",
        "turbo-windows-32": "1.2.5",
        "turbo-windows-64": "1.2.5"
      }
    },
    "node_modules/turbo-darwin-64": {
      "version": "1.2.5",
      "cpu": [
        "x64"
      ],
      "dev": true,
      "license": "MPL-2.0",
      "optional": true,
      "os": [
        "darwin"
      ]
    },
    "node_modules/works": {
      "resolved": "works",
      "link": true
    },
    "test": {},
    "tests": {},
    "works": {}
  },
  "dependencies": {
    "test": {
      "version": "file:test"
    },
    "tests": {
      "version": "file:tests"
    },
    "turbo": {
      "version": "1.2.5",
      "dev": true,
      "requires": {
        "turbo-darwin-64": "1.2.5",
        "turbo-darwin-arm64": "1.2.5",
        "turbo-freebsd-64": "1.2.5",
        "turbo-freebsd-arm64": "1.2.5",
        "turbo-linux-32": "1.2.5",
        "turbo-linux-64": "1.2.5",
        "turbo-linux-arm": "1.2.5",
        "turbo-linux-arm64": "1.2.5",
        "turbo-linux-mips64le": "1.2.5",
        "turbo-linux-ppc64le": "1.2.5",
        "turbo-windows-32": "1.2.5",
        "turbo-windows-64": "1.2.5"
      }
    },
    "turbo-darwin-64": {
      "version": "1.2.5",
      "dev": true,
      "optional": true
    },
    "works": {
      "version": "file:works"
    }
  }
}
